
Microsoft Visual Studio Solution File, Format Version 12.00
# Visual Studio 15
Project("{FAE04EC0-301F-11D3-BF4B-00C04F79EFBC}") = "Assembly-CSharp", "Assembly-CSharp.csproj", "{17CF60B2-AA00-421A-6801-D78256AF91CB}"
EndProject
Global
	GlobalSection(SolutionConfigurationPlatforms) = preSolution
		Debug|Any CPU = Debug|Any CPU
		Release|Any CPU = Release|Any CPU
	EndGlobalSection
	GlobalSection(ProjectConfigurationPlatforms) = postSolution
		{17CF60B2-AA00-421A-6801-D78256AF91CB}.Debug|Any CPU.ActiveCfg = Debug|Any CPU
		{17CF60B2-AA00-421A-6801-D78256AF91CB}.Debug|Any CPU.Build.0 = Debug|Any CPU
		{17CF60B2-AA00-421A-6801-D78256AF91CB}.Release|Any CPU.ActiveCfg = Release|Any CPU
		{17CF60B2-AA00-421A-6801-D78256AF91CB}.Release|Any CPU.Build.0 = Release|Any CPU
	EndGlobalSection
	GlobalSection(SolutionProperties) = preSolution
		HideSolutionNode = FALSE
	EndGlobalSection
EndGlobal
